{
    "name": "nodejs",
    "version": "1.0.0",
    "lockfileVersion": 3,
    "requires": true,
    "packages": {
        "": {
            "name": "nodejs",
            "version": "1.0.0",
            "license": "ISC",
            "dependencies": {
                "@tsconfig/node-lts-strictest-esm": "^18.12.1",
                "@visheratin/web-ai-node": "^1.2.0"
            },
            "devDependencies": {
                "@types/node": "^20.4.0",
                "typescript": "^5.1.6"
            }
        },
        "../../build-cjs": {
            "name": "@visheratin/web-ai-node",
            "version": "1.2.0",
            "extraneous": true,
            "license": "MIT",
            "dependencies": {
                "comlink": "4.3.1",
                "localforage": "1.10.0",
                "onnxruntime-common": "1.15.1",
                "pako": "2.1.0"
            },
            "devDependencies": {
                "@types/node": "^20.3.3",
                "@typescript-eslint/eslint-plugin": "^5.61.0",
                "@typescript-eslint/parser": "^5.61.0",
                "eslint": "^8.44.0",
                "prettier": "^2.8.0",
                "typescript": "^5.0.4"
            },
            "peerDependencies": {
                "@visheratin/tokenizers": "0.1.5",
                "@visheratin/tokenizers-node": "0.1.5",
                "jimp": "^0.16.2",
                "onnxruntime-node": "1.15.1",
                "onnxruntime-web": "1.15.1"
            },
            "peerDependenciesMeta": {
                "@visheratin/tokenizers": {
                    "optional": true
                },
                "@visheratin/tokenizers-node": {
                    "optional": true
                },
                "jimp": {
                    "optional": true
                },
                "onnxruntime-node": {
                    "optional": true
                },
                "onnxruntime-web": {
                    "optional": true
                }
            }
        },
        "node_modules/@tsconfig/node-lts-strictest-esm": {
            "version": "18.12.1",
            "license": "MIT"
        },
        "node_modules/@types/node": {
            "version": "20.4.0",
            "dev": true,
            "license": "MIT"
        },
        "node_modules/@visheratin/web-ai-node": {
            "version": "1.2.0",
            "resolved": "https://registry.npmjs.org/@visheratin/web-ai-node/-/web-ai-node-1.2.0.tgz",
            "integrity": "sha512-uU8G8DYSqEi6j3pTKx27xE++VYF3Gohkf4yO3TXybDSS2khkEVL4pYJSj8VUFyrcizaccPaif98H8Y5vJMCxDQ==",
            "dependencies": {
                "comlink": "4.3.1",
                "localforage": "1.10.0",
                "onnxruntime-common": "1.15.1",
                "pako": "2.1.0"
            },
            "peerDependencies": {
                "@visheratin/tokenizers": "0.1.5",
                "@visheratin/tokenizers-node": "0.1.5",
                "jimp": "^0.16.2",
                "onnxruntime-node": "1.15.1",
                "onnxruntime-web": "1.15.1"
            },
            "peerDependenciesMeta": {
                "@visheratin/tokenizers": {
                    "optional": true
                },
                "@visheratin/tokenizers-node": {
                    "optional": true
                },
                "jimp": {
                    "optional": true
                },
                "onnxruntime-node": {
                    "optional": true
                },
                "onnxruntime-web": {
                    "optional": true
                }
            }
        },
        "node_modules/comlink": {
            "version": "4.3.1",
            "resolved": "https://registry.npmjs.org/comlink/-/comlink-4.3.1.tgz",
            "integrity": "sha512-+YbhUdNrpBZggBAHWcgQMLPLH1KDF3wJpeqrCKieWQ8RL7atmgsgTQko1XEBK6PsecfopWNntopJ+ByYG1lRaA=="
        },
        "node_modules/immediate": {
            "version": "3.0.6",
            "resolved": "https://registry.npmjs.org/immediate/-/immediate-3.0.6.tgz",
            "integrity": "sha512-XXOFtyqDjNDAQxVfYxuF7g9Il/IbWmmlQg2MYKOH8ExIT1qg6xc4zyS3HaEEATgs1btfzxq15ciUiY7gjSXRGQ=="
        },
        "node_modules/lie": {
            "version": "3.1.1",
            "resolved": "https://registry.npmjs.org/lie/-/lie-3.1.1.tgz",
            "integrity": "sha512-RiNhHysUjhrDQntfYSfY4MU24coXXdEOgw9WGcKHNeEwffDYbF//u87M1EWaMGzuFoSbqW0C9C6lEEhDOAswfw==",
            "dependencies": {
                "immediate": "~3.0.5"
            }
        },
        "node_modules/localforage": {
            "version": "1.10.0",
            "resolved": "https://registry.npmjs.org/localforage/-/localforage-1.10.0.tgz",
            "integrity": "sha512-14/H1aX7hzBBmmh7sGPd+AOMkkIrHM3Z1PAyGgZigA1H1p5O5ANnMyWzvpAETtG68/dC4pC0ncy3+PPGzXZHPg==",
            "dependencies": {
                "lie": "3.1.1"
            }
        },
        "node_modules/onnxruntime-common": {
            "version": "1.15.1",
            "resolved": "https://registry.npmjs.org/onnxruntime-common/-/onnxruntime-common-1.15.1.tgz",
            "integrity": "sha512-Y89eJ8QmaRsPZPWLaX7mfqhj63ny47rSkQe80hIo+lvBQdrdXYR9VO362xvZulk9DFkCnXmGidprvgJ07bKsIQ=="
        },
        "node_modules/pako": {
            "version": "2.1.0",
            "resolved": "https://registry.npmjs.org/pako/-/pako-2.1.0.tgz",
            "integrity": "sha512-w+eufiZ1WuJYgPXbV/PO3NCMEc3xqylkKHzp8bxp1uW4qaSNQUkwmLLEc3kKsfz8lpV1F8Ht3U1Cm+9Srog2ug=="
        },
        "node_modules/typescript": {
            "version": "5.1.6",
            "dev": true,
            "license": "Apache-2.0",
            "bin": {
                "tsc": "bin/tsc",
                "tsserver": "bin/tsserver"
            },
            "engines": {
                "node": ">=14.17"
            }
        }
    }
}
