{
    "name": "nodejs",
    "version": "1.0.0",
    "lockfileVersion": 3,
    "requires": true,
    "packages": {
        "": {
            "name": "nodejs",
            "version": "1.0.0",
            "license": "ISC",
            "dependencies": {
                "@tsconfig/node-lts-strictest-esm": "^18.12.1",
                "@visheratin/web-ai": "file:../../core/build",
                "@visheratin/web-ai-node": "file:../../node"
            },
            "devDependencies": {
                "@types/node": "^20.4.0",
                "typescript": "^5.1.6"
            }
        },
        "../../core/build": {
            "version": "1.0.7",
            "license": "MIT",
            "dependencies": {
                "onnxruntime-common": "1.15.1"
            },
            "devDependencies": {
                "@types/node": "^20.3.3",
                "@typescript-eslint/eslint-plugin": "^5.61.0",
                "@typescript-eslint/parser": "^5.61.0",
                "eslint": "^8.44.0",
                "prettier": "^2.8.0",
                "typescript": "^5.0.4"
            },
            "peerDependencies": {
                "jimp": "^0.16.2"
            },
            "peerDependenciesMeta": {
                "jimp": {
                    "optional": true
                }
            }
        },
        "../../node": {
            "name": "@visheratin/web-ai-node",
            "version": "1.0.2",
            "license": "MIT",
            "dependencies": {
                "@visheratin/tokenizers-node": "0.1.5",
                "onnxruntime-node": "1.15.1",
                "pako": "2.1.0"
            },
            "devDependencies": {
                "@types/node": "^20.4.0",
                "@types/pako": "^2.0.0",
                "@typescript-eslint/eslint-plugin": "^5.61.0",
                "@typescript-eslint/parser": "^5.61.0",
                "eslint": "^8.44.0",
                "prettier": "^2.8.0",
                "typescript": "^5.0.4"
            }
        },
        "node_modules/@tsconfig/node-lts-strictest-esm": {
            "version": "18.12.1",
            "resolved": "https://registry.npmjs.org/@tsconfig/node-lts-strictest-esm/-/node-lts-strictest-esm-18.12.1.tgz",
            "integrity": "sha512-LvBLmaC6Q/txTddLc11OeMHF9XjJFzlilkETJuvBlUvHy9pPiMsoH3nxWZM1FMSO53zp4mJP6gzOzxKEq0me7Q==",
            "deprecated": "TypeScript 5.0 supports combining TSConfigs using array syntax in extends"
        },
        "node_modules/@types/node": {
            "version": "20.4.0",
            "resolved": "https://registry.npmjs.org/@types/node/-/node-20.4.0.tgz",
            "integrity": "sha512-jfT7iTf/4kOQ9S7CHV9BIyRaQqHu67mOjsIQBC3BKZvzvUB6zLxEwJ6sBE3ozcvP8kF6Uk5PXN0Q+c0dfhGX0g==",
            "dev": true
        },
        "node_modules/@visheratin/web-ai": {
            "resolved": "../../core/build",
            "link": true
        },
        "node_modules/@visheratin/web-ai-node": {
            "resolved": "../../node",
            "link": true
        },
        "node_modules/typescript": {
            "version": "5.1.6",
            "resolved": "https://registry.npmjs.org/typescript/-/typescript-5.1.6.tgz",
            "integrity": "sha512-zaWCozRZ6DLEWAWFrVDz1H6FVXzUSfTy5FUMWsQlU8Ym5JP9eO4xkTIROFCQvhQf61z6O/G6ugw3SgAnvvm+HA==",
            "dev": true,
            "bin": {
                "tsc": "bin/tsc",
                "tsserver": "bin/tsserver"
            },
            "engines": {
                "node": ">=14.17"
            }
        }
    }
}
